// !$*UTF8*$!
{
	archiveVersion = 1;
	classes = {
	};
	objectVersion = 46;
	objects = {

/* Begin PBXBuildFile section */
		7304BEE01C2652A700538814 /* AppDelegate.swift in Sources */ = {isa = PBXBuildFile; fileRef = 7304BEDF1C2652A700538814 /* AppDelegate.swift */; };
		7304BEE71C2652A700538814 /* Assets.xcassets in Resources */ = {isa = PBXBuildFile; fileRef = 7304BEE61C2652A700538814 /* Assets.xcassets */; };
		7304BEEA1C2652A700538814 /* LaunchScreen.storyboard in Resources */ = {isa = PBXBuildFile; fileRef = 7304BEE81C2652A700538814 /* LaunchScreen.storyboard */; };
		7304BEF51C2652A700538814 /* ReduxKitTodoExampleTests.swift in Sources */ = {isa = PBXBuildFile; fileRef = 7304BEF41C2652A700538814 /* ReduxKitTodoExampleTests.swift */; };
		7304BF001C2652A700538814 /* ReduxKitTodoExampleUITests.swift in Sources */ = {isa = PBXBuildFile; fileRef = 7304BEFF1C2652A700538814 /* ReduxKitTodoExampleUITests.swift */; };
		7304BF101C26539D00538814 /* ReduxKit.framework in Frameworks */ = {isa = PBXBuildFile; fileRef = 7304BF0F1C26539D00538814 /* ReduxKit.framework */; };
		7304BF111C26539D00538814 /* ReduxKit.framework in Frameworks */ = {isa = PBXBuildFile; fileRef = 7304BF0F1C26539D00538814 /* ReduxKit.framework */; };
		7304BF151C26544F00538814 /* AppState.swift in Sources */ = {isa = PBXBuildFile; fileRef = 7304BF141C26544F00538814 /* AppState.swift */; };
		7304BF191C26567D00538814 /* TodoState.swift in Sources */ = {isa = PBXBuildFile; fileRef = 7304BF181C26567D00538814 /* TodoState.swift */; };
		7304BF1B1C26595D00538814 /* TodoViewController.swift in Sources */ = {isa = PBXBuildFile; fileRef = 7304BF1A1C26595D00538814 /* TodoViewController.swift */; };
		7304BF1D1C26653700538814 /* Bond.framework in Frameworks */ = {isa = PBXBuildFile; fileRef = 7304BF1C1C26653700538814 /* Bond.framework */; };
		7304BF1F1C26785900538814 /* TodoViewModel.swift in Sources */ = {isa = PBXBuildFile; fileRef = 7304BF1E1C26785900538814 /* TodoViewModel.swift */; };
		7304BF211C2678C500538814 /* LoggingMiddleware.swift in Sources */ = {isa = PBXBuildFile; fileRef = 7304BF201C2678C500538814 /* LoggingMiddleware.swift */; };
		7304BF231C267AA000538814 /* LiftStream.swift in Sources */ = {isa = PBXBuildFile; fileRef = 7304BF221C267AA000538814 /* LiftStream.swift */; };
/* End PBXBuildFile section */

/* Begin PBXContainerItemProxy section */
		7304BEF11C2652A700538814 /* PBXContainerItemProxy */ = {
			isa = PBXContainerItemProxy;
			containerPortal = 7304BED41C2652A700538814 /* Project object */;
			proxyType = 1;
			remoteGlobalIDString = 7304BEDB1C2652A700538814;
			remoteInfo = ReduxKitTodoExample;
		};
		7304BEFC1C2652A700538814 /* PBXContainerItemProxy */ = {
			isa = PBXContainerItemProxy;
			containerPortal = 7304BED41C2652A700538814 /* Project object */;
			proxyType = 1;
			remoteGlobalIDString = 7304BEDB1C2652A700538814;
			remoteInfo = ReduxKitTodoExample;
		};
/* End PBXContainerItemProxy section */

/* Begin PBXFileReference section */
		7304BEDC1C2652A700538814 /* ReduxKitTodoExample.app */ = {isa = PBXFileReference; explicitFileType = wrapper.application; includeInIndex = 0; path = ReduxKitTodoExample.app; sourceTree = BUILT_PRODUCTS_DIR; };
		7304BEDF1C2652A700538814 /* AppDelegate.swift */ = {isa = PBXFileReference; lastKnownFileType = sourcecode.swift; path = AppDelegate.swift; sourceTree = "<group>"; };
		7304BEE61C2652A700538814 /* Assets.xcassets */ = {isa = PBXFileReference; lastKnownFileType = folder.assetcatalog; path = Assets.xcassets; sourceTree = "<group>"; };
		7304BEE91C2652A700538814 /* Base */ = {isa = PBXFileReference; lastKnownFileType = file.storyboard; name = Base; path = Base.lproj/LaunchScreen.storyboard; sourceTree = "<group>"; };
		7304BEEB1C2652A700538814 /* Info.plist */ = {isa = PBXFileReference; lastKnownFileType = text.plist.xml; path = Info.plist; sourceTree = "<group>"; };
		7304BEF01C2652A700538814 /* ReduxKitTodoExampleTests.xctest */ = {isa = PBXFileReference; explicitFileType = wrapper.cfbundle; includeInIndex = 0; path = ReduxKitTodoExampleTests.xctest; sourceTree = BUILT_PRODUCTS_DIR; };
		7304BEF41C2652A700538814 /* ReduxKitTodoExampleTests.swift */ = {isa = PBXFileReference; lastKnownFileType = sourcecode.swift; path = ReduxKitTodoExampleTests.swift; sourceTree = "<group>"; };
		7304BEF61C2652A700538814 /* Info.plist */ = {isa = PBXFileReference; lastKnownFileType = text.plist.xml; path = Info.plist; sourceTree = "<group>"; };
		7304BEFB1C2652A700538814 /* ReduxKitTodoExampleUITests.xctest */ = {isa = PBXFileReference; explicitFileType = wrapper.cfbundle; includeInIndex = 0; path = ReduxKitTodoExampleUITests.xctest; sourceTree = BUILT_PRODUCTS_DIR; };
		7304BEFF1C2652A700538814 /* ReduxKitTodoExampleUITests.swift */ = {isa = PBXFileReference; lastKnownFileType = sourcecode.swift; path = ReduxKitTodoExampleUITests.swift; sourceTree = "<group>"; };
		7304BF011C2652A700538814 /* Info.plist */ = {isa = PBXFileReference; lastKnownFileType = text.plist.xml; path = Info.plist; sourceTree = "<group>"; };
		7304BF0D1C26532A00538814 /* Cartfile */ = {isa = PBXFileReference; lastKnownFileType = text; path = Cartfile; sourceTree = "<group>"; };
		7304BF0E1C26532A00538814 /* Cartfile.resolved */ = {isa = PBXFileReference; lastKnownFileType = text; path = Cartfile.resolved; sourceTree = "<group>"; };
		7304BF0F1C26539D00538814 /* ReduxKit.framework */ = {isa = PBXFileReference; lastKnownFileType = wrapper.framework; name = ReduxKit.framework; path = Carthage/Build/iOS/ReduxKit.framework; sourceTree = "<group>"; };
		7304BF141C26544F00538814 /* AppState.swift */ = {isa = PBXFileReference; fileEncoding = 4; lastKnownFileType = sourcecode.swift; path = AppState.swift; sourceTree = "<group>"; };
		7304BF181C26567D00538814 /* TodoState.swift */ = {isa = PBXFileReference; fileEncoding = 4; lastKnownFileType = sourcecode.swift; path = TodoState.swift; sourceTree = "<group>"; };
		7304BF1A1C26595D00538814 /* TodoViewController.swift */ = {isa = PBXFileReference; fileEncoding = 4; lastKnownFileType = sourcecode.swift; path = TodoViewController.swift; sourceTree = "<group>"; };
		7304BF1C1C26653700538814 /* Bond.framework */ = {isa = PBXFileReference; lastKnownFileType = wrapper.framework; name = Bond.framework; path = Carthage/Build/iOS/Bond.framework; sourceTree = "<group>"; };
		7304BF1E1C26785900538814 /* TodoViewModel.swift */ = {isa = PBXFileReference; fileEncoding = 4; lastKnownFileType = sourcecode.swift; path = TodoViewModel.swift; sourceTree = "<group>"; };
		7304BF201C2678C500538814 /* LoggingMiddleware.swift */ = {isa = PBXFileReference; fileEncoding = 4; lastKnownFileType = sourcecode.swift; path = LoggingMiddleware.swift; sourceTree = "<group>"; };
		7304BF221C267AA000538814 /* LiftStream.swift */ = {isa = PBXFileReference; fileEncoding = 4; lastKnownFileType = sourcecode.swift; path = LiftStream.swift; sourceTree = "<group>"; };
/* End PBXFileReference section */

/* Begin PBXFrameworksBuildPhase section */
		7304BED91C2652A700538814 /* Frameworks */ = {
			isa = PBXFrameworksBuildPhase;
			buildActionMask = 2147483647;
			files = (
				7304BF101C26539D00538814 /* ReduxKit.framework in Frameworks */,
				7304BF1D1C26653700538814 /* Bond.framework in Frameworks */,
			);
			runOnlyForDeploymentPostprocessing = 0;
		};
		7304BEED1C2652A700538814 /* Frameworks */ = {
			isa = PBXFrameworksBuildPhase;
			buildActionMask = 2147483647;
			files = (
				7304BF111C26539D00538814 /* ReduxKit.framework in Frameworks */,
			);
			runOnlyForDeploymentPostprocessing = 0;
		};
		7304BEF81C2652A700538814 /* Frameworks */ = {
			isa = PBXFrameworksBuildPhase;
			buildActionMask = 2147483647;
			files = (
			);
			runOnlyForDeploymentPostprocessing = 0;
		};
/* End PBXFrameworksBuildPhase section */

/* Begin PBXGroup section */
		7304BED31C2652A700538814 = {
			isa = PBXGroup;
			children = (
				7304BF0D1C26532A00538814 /* Cartfile */,
				7304BF0E1C26532A00538814 /* Cartfile.resolved */,
				7304BEDE1C2652A700538814 /* ReduxKitTodoExample */,
				7304BEF31C2652A700538814 /* ReduxKitTodoExampleTests */,
				7304BEFE1C2652A700538814 /* ReduxKitTodoExampleUITests */,
				73D6BBBE1C2A836000FAA686 /* Dependencies */,
				7304BEDD1C2652A700538814 /* Products */,
			);
			sourceTree = "<group>";
		};
		7304BEDD1C2652A700538814 /* Products */ = {
			isa = PBXGroup;
			children = (
				7304BEDC1C2652A700538814 /* ReduxKitTodoExample.app */,
				7304BEF01C2652A700538814 /* ReduxKitTodoExampleTests.xctest */,
				7304BEFB1C2652A700538814 /* ReduxKitTodoExampleUITests.xctest */,
			);
			name = Products;
			sourceTree = "<group>";
		};
		7304BEDE1C2652A700538814 /* ReduxKitTodoExample */ = {
			isa = PBXGroup;
			children = (
				7304BEEB1C2652A700538814 /* Info.plist */,
				7304BEDF1C2652A700538814 /* AppDelegate.swift */,
				7304BF141C26544F00538814 /* AppState.swift */,
				7304BF221C267AA000538814 /* LiftStream.swift */,
				7304BF201C2678C500538814 /* LoggingMiddleware.swift */,
				7304BF181C26567D00538814 /* TodoState.swift */,
				7304BF1A1C26595D00538814 /* TodoViewController.swift */,
				7304BF1E1C26785900538814 /* TodoViewModel.swift */,
				7304BEE61C2652A700538814 /* Assets.xcassets */,
				7304BEE81C2652A700538814 /* LaunchScreen.storyboard */,
			);
			path = ReduxKitTodoExample;
			sourceTree = "<group>";
		};
		7304BEF31C2652A700538814 /* ReduxKitTodoExampleTests */ = {
			isa = PBXGroup;
			children = (
				7304BEF61C2652A700538814 /* Info.plist */,
				7304BEF41C2652A700538814 /* ReduxKitTodoExampleTests.swift */,
			);
			path = ReduxKitTodoExampleTests;
			sourceTree = "<group>";
		};
		7304BEFE1C2652A700538814 /* ReduxKitTodoExampleUITests */ = {
			isa = PBXGroup;
			children = (
				7304BEFF1C2652A700538814 /* ReduxKitTodoExampleUITests.swift */,
				7304BF011C2652A700538814 /* Info.plist */,
			);
			path = ReduxKitTodoExampleUITests;
			sourceTree = "<group>";
		};
		73D6BBBE1C2A836000FAA686 /* Dependencies */ = {
			isa = PBXGroup;
			children = (
				7304BF1C1C26653700538814 /* Bond.framework */,
				7304BF0F1C26539D00538814 /* ReduxKit.framework */,
			);
			name = Dependencies;
			sourceTree = "<group>";
		};
/* End PBXGroup section */

/* Begin PBXNativeTarget section */
		7304BEDB1C2652A700538814 /* ReduxKitTodoExample */ = {
			isa = PBXNativeTarget;
			buildConfigurationList = 7304BF041C2652A700538814 /* Build configuration list for PBXNativeTarget "ReduxKitTodoExample" */;
			buildPhases = (
				7304BED81C2652A700538814 /* Sources */,
				7304BED91C2652A700538814 /* Frameworks */,
				7304BEDA1C2652A700538814 /* Resources */,
				7304BF121C2653AF00538814 /* ShellScript */,
			);
			buildRules = (
			);
			dependencies = (
			);
			name = ReduxKitTodoExample;
			productName = ReduxKitTodoExample;
			productReference = 7304BEDC1C2652A700538814 /* ReduxKitTodoExample.app */;
			productType = "com.apple.product-type.application";
		};
		7304BEEF1C2652A700538814 /* ReduxKitTodoExampleTests */ = {
			isa = PBXNativeTarget;
			buildConfigurationList = 7304BF071C2652A700538814 /* Build configuration list for PBXNativeTarget "ReduxKitTodoExampleTests" */;
			buildPhases = (
				7304BEEC1C2652A700538814 /* Sources */,
				7304BEED1C2652A700538814 /* Frameworks */,
				7304BEEE1C2652A700538814 /* Resources */,
			);
			buildRules = (
			);
			dependencies = (
				7304BEF21C2652A700538814 /* PBXTargetDependency */,
			);
			name = ReduxKitTodoExampleTests;
			productName = ReduxKitTodoExampleTests;
			productReference = 7304BEF01C2652A700538814 /* ReduxKitTodoExampleTests.xctest */;
			productType = "com.apple.product-type.bundle.unit-test";
		};
		7304BEFA1C2652A700538814 /* ReduxKitTodoExampleUITests */ = {
			isa = PBXNativeTarget;
			buildConfigurationList = 7304BF0A1C2652A700538814 /* Build configuration list for PBXNativeTarget "ReduxKitTodoExampleUITests" */;
			buildPhases = (
				7304BEF71C2652A700538814 /* Sources */,
				7304BEF81C2652A700538814 /* Frameworks */,
				7304BEF91C2652A700538814 /* Resources */,
			);
			buildRules = (
			);
			dependencies = (
				7304BEFD1C2652A700538814 /* PBXTargetDependency */,
			);
			name = ReduxKitTodoExampleUITests;
			productName = ReduxKitTodoExampleUITests;
			productReference = 7304BEFB1C2652A700538814 /* ReduxKitTodoExampleUITests.xctest */;
			productType = "com.apple.product-type.bundle.ui-testing";
		};
/* End PBXNativeTarget section */

/* Begin PBXProject section */
		7304BED41C2652A700538814 /* Project object */ = {
			isa = PBXProject;
			attributes = {
				LastSwiftUpdateCheck = 0720;
				LastUpgradeCheck = 0720;
				ORGANIZATIONNAME = ReduxKit;
				TargetAttributes = {
					7304BEDB1C2652A700538814 = {
						CreatedOnToolsVersion = 7.2;
					};
					7304BEEF1C2652A700538814 = {
						CreatedOnToolsVersion = 7.2;
						TestTargetID = 7304BEDB1C2652A700538814;
					};
					7304BEFA1C2652A700538814 = {
						CreatedOnToolsVersion = 7.2;
						TestTargetID = 7304BEDB1C2652A700538814;
					};
				};
			};
			buildConfigurationList = 7304BED71C2652A700538814 /* Build configuration list for PBXProject "ReduxKitTodoExample" */;
			compatibilityVersion = "Xcode 3.2";
			developmentRegion = English;
			hasScannedForEncodings = 0;
			knownRegions = (
				en,
				Base,
			);
			mainGroup = 7304BED31C2652A700538814;
			productRefGroup = 7304BEDD1C2652A700538814 /* Products */;
			projectDirPath = "";
			projectRoot = "";
			targets = (
				7304BEDB1C2652A700538814 /* ReduxKitTodoExample */,
				7304BEEF1C2652A700538814 /* ReduxKitTodoExampleTests */,
				7304BEFA1C2652A700538814 /* ReduxKitTodoExampleUITests */,
			);
		};
/* End PBXProject section */

/* Begin PBXResourcesBuildPhase section */
		7304BEDA1C2652A700538814 /* Resources */ = {
			isa = PBXResourcesBuildPhase;
			buildActionMask = 2147483647;
			files = (
				7304BEEA1C2652A700538814 /* LaunchScreen.storyboard in Resources */,
				7304BEE71C2652A700538814 /* Assets.xcassets in Resources */,
			);
			runOnlyForDeploymentPostprocessing = 0;
		};
		7304BEEE1C2652A700538814 /* Resources */ = {
			isa = PBXResourcesBuildPhase;
			buildActionMask = 2147483647;
			files = (
			);
			runOnlyForDeploymentPostprocessing = 0;
		};
		7304BEF91C2652A700538814 /* Resources */ = {
			isa = PBXResourcesBuildPhase;
			buildActionMask = 2147483647;
			files = (
			);
			runOnlyForDeploymentPostprocessing = 0;
		};
/* End PBXResourcesBuildPhase section */

/* Begin PBXShellScriptBuildPhase section */
		7304BF121C2653AF00538814 /* ShellScript */ = {
			isa = PBXShellScriptBuildPhase;
			buildActionMask = 2147483647;
			files = (
			);
			inputPaths = (
				"$(SRCROOT)/Carthage/Build/iOS/ReduxKit.framework",
				"$(SRCROOT)/Carthage/Build/iOS/Bond.framework",
			);
			outputPaths = (
			);
			runOnlyForDeploymentPostprocessing = 0;
			shellPath = /bin/sh;
			shellScript = "/usr/local/bin/carthage copy-frameworks";
		};
/* End PBXShellScriptBuildPhase section */

/* Begin PBXSourcesBuildPhase section */
		7304BED81C2652A700538814 /* Sources */ = {
			isa = PBXSourcesBuildPhase;
			buildActionMask = 2147483647;
			files = (
				7304BF1F1C26785900538814 /* TodoViewModel.swift in Sources */,
				7304BF1B1C26595D00538814 /* TodoViewController.swift in Sources */,
				7304BF231C267AA000538814 /* LiftStream.swift in Sources */,
				7304BF211C2678C500538814 /* LoggingMiddleware.swift in Sources */,
				7304BF151C26544F00538814 /* AppState.swift in Sources */,
				7304BF191C26567D00538814 /* TodoState.swift in Sources */,
				7304BEE01C2652A700538814 /* AppDelegate.swift in Sources */,
			);
			runOnlyForDeploymentPostprocessing = 0;
		};
		7304BEEC1C2652A700538814 /* Sources */ = {
			isa = PBXSourcesBuildPhase;
			buildActionMask = 2147483647;
			files = (
				7304BEF51C2652A700538814 /* ReduxKitTodoExampleTests.swift in Sources */,
			);
			runOnlyForDeploymentPostprocessing = 0;
		};
		7304BEF71C2652A700538814 /* Sources */ = {
			isa = PBXSourcesBuildPhase;
			buildActionMask = 2147483647;
			files = (
				7304BF001C2652A700538814 /* ReduxKitTodoExampleUITests.swift in Sources */,
			);
			runOnlyForDeploymentPostprocessing = 0;
		};
/* End PBXSourcesBuildPhase section */

/* Begin PBXTargetDependency section */
		7304BEF21C2652A700538814 /* PBXTargetDependency */ = {
			isa = PBXTargetDependency;
			target = 7304BEDB1C2652A700538814 /* ReduxKitTodoExample */;
			targetProxy = 7304BEF11C2652A700538814 /* PBXContainerItemProxy */;
		};
		7304BEFD1C2652A700538814 /* PBXTargetDependency */ = {
			isa = PBXTargetDependency;
			target = 7304BEDB1C2652A700538814 /* ReduxKitTodoExample */;
			targetProxy = 7304BEFC1C2652A700538814 /* PBXContainerItemProxy */;
		};
/* End PBXTargetDependency section */

/* Begin PBXVariantGroup section */
		7304BEE81C2652A700538814 /* LaunchScreen.storyboard */ = {
			isa = PBXVariantGroup;
			children = (
				7304BEE91C2652A700538814 /* Base */,
			);
			name = LaunchScreen.storyboard;
			sourceTree = "<group>";
		};
/* End PBXVariantGroup section */

/* Begin XCBuildConfiguration section */
		7304BF021C2652A700538814 /* Debug */ = {
			isa = XCBuildConfiguration;
			buildSettings = {
				ALWAYS_SEARCH_USER_PATHS = NO;
				CLANG_CXX_LANGUAGE_STANDARD = "gnu++0x";
				CLANG_CXX_LIBRARY = "libc++";
				CLANG_ENABLE_MODULES = YES;
				CLANG_ENABLE_OBJC_ARC = YES;
				CLANG_WARN_BOOL_CONVERSION = YES;
				CLANG_WARN_CONSTANT_CONVERSION = YES;
				CLANG_WARN_DIRECT_OBJC_ISA_USAGE = YES_ERROR;
				CLANG_WARN_EMPTY_BODY = YES;
				CLANG_WARN_ENUM_CONVERSION = YES;
				CLANG_WARN_INT_CONVERSION = YES;
				CLANG_WARN_OBJC_ROOT_CLASS = YES_ERROR;
				CLANG_WARN_UNREACHABLE_CODE = YES;
				CLANG_WARN__DUPLICATE_METHOD_MATCH = YES;
				"CODE_SIGN_IDENTITY[sdk=iphoneos*]" = "iPhone Developer";
				COPY_PHASE_STRIP = NO;
				DEBUG_INFORMATION_FORMAT = dwarf;
				ENABLE_STRICT_OBJC_MSGSEND = YES;
				ENABLE_TESTABILITY = YES;
				GCC_C_LANGUAGE_STANDARD = gnu99;
				GCC_DYNAMIC_NO_PIC = NO;
				GCC_NO_COMMON_BLOCKS = YES;
				GCC_OPTIMIZATION_LEVEL = 0;
				GCC_PREPROCESSOR_DEFINITIONS = (
					"DEBUG=1",
					"$(inherited)",
				);
				GCC_WARN_64_TO_32_BIT_CONVERSION = YES;
				GCC_WARN_ABOUT_RETURN_TYPE = YES_ERROR;
				GCC_WARN_UNDECLARED_SELECTOR = YES;
				GCC_WARN_UNINITIALIZED_AUTOS = YES_AGGRESSIVE;
				GCC_WARN_UNUSED_FUNCTION = YES;
				GCC_WARN_UNUSED_VARIABLE = YES;
				IPHONEOS_DEPLOYMENT_TARGET = 8.0;
				MTL_ENABLE_DEBUG_INFO = YES;
				ONLY_ACTIVE_ARCH = YES;
				SDKROOT = iphoneos;
				SWIFT_OPTIMIZATION_LEVEL = "-Onone";
				TARGETED_DEVICE_FAMILY = "1,2";
			};
			name = Debug;
		};
		7304BF031C2652A700538814 /* Release */ = {
			isa = XCBuildConfiguration;
			buildSettings = {
				ALWAYS_SEARCH_USER_PATHS = NO;
				CLANG_CXX_LANGUAGE_STANDARD = "gnu++0x";
				CLANG_CXX_LIBRARY = "libc++";
				CLANG_ENABLE_MODULES = YES;
				CLANG_ENABLE_OBJC_ARC = YES;
				CLANG_WARN_BOOL_CONVERSION = YES;
				CLANG_WARN_CONSTANT_CONVERSION = YES;
				CLANG_WARN_DIRECT_OBJC_ISA_USAGE = YES_ERROR;
				CLANG_WARN_EMPTY_BODY = YES;
				CLANG_WARN_ENUM_CONVERSION = YES;
				CLANG_WARN_INT_CONVERSION = YES;
				CLANG_WARN_OBJC_ROOT_CLASS = YES_ERROR;
				CLANG_WARN_UNREACHABLE_CODE = YES;
				CLANG_WARN__DUPLICATE_METHOD_MATCH = YES;
				"CODE_SIGN_IDENTITY[sdk=iphoneos*]" = "iPhone Developer";
				COPY_PHASE_STRIP = NO;
				DEBUG_INFORMATION_FORMAT = "dwarf-with-dsym";
				ENABLE_NS_ASSERTIONS = NO;
				ENABLE_STRICT_OBJC_MSGSEND = YES;
				GCC_C_LANGUAGE_STANDARD = gnu99;
				GCC_NO_COMMON_BLOCKS = YES;
				GCC_WARN_64_TO_32_BIT_CONVERSION = YES;
				GCC_WARN_ABOUT_RETURN_TYPE = YES_ERROR;
				GCC_WARN_UNDECLARED_SELECTOR = YES;
				GCC_WARN_UNINITIALIZED_AUTOS = YES_AGGRESSIVE;
				GCC_WARN_UNUSED_FUNCTION = YES;
				GCC_WARN_UNUSED_VARIABLE = YES;
				IPHONEOS_DEPLOYMENT_TARGET = 8.0;
				MTL_ENABLE_DEBUG_INFO = NO;
				SDKROOT = iphoneos;
				TARGETED_DEVICE_FAMILY = "1,2";
				VALIDATE_PRODUCT = YES;
			};
			name = Release;
		};
		7304BF051C2652A700538814 /* Debug */ = {
			isa = XCBuildConfiguration;
			buildSettings = {
				ASSETCATALOG_COMPILER_APPICON_NAME = AppIcon;
				FRAMEWORK_SEARCH_PATHS = (
					"$(inherited)",
					"$(PROJECT_DIR)/Carthage/Build/iOS",
				);
				INFOPLIST_FILE = ReduxKitTodoExample/Info.plist;
				LD_RUNPATH_SEARCH_PATHS = "$(inherited) @executable_path/Frameworks";
				PRODUCT_BUNDLE_IDENTIFIER = ReduxKit.ReduxKitTodoExample;
				PRODUCT_NAME = "$(TARGET_NAME)";
			};
			name = Debug;
		};
		7304BF061C2652A700538814 /* Release */ = {
			isa = XCBuildConfiguration;
			buildSettings = {
				ASSETCATALOG_COMPILER_APPICON_NAME = AppIcon;
				FRAMEWORK_SEARCH_PATHS = (
					"$(inherited)",
					"$(PROJECT_DIR)/Carthage/Build/iOS",
				);
				INFOPLIST_FILE = ReduxKitTodoExample/Info.plist;
				LD_RUNPATH_SEARCH_PATHS = "$(inherited) @executable_path/Frameworks";
				PRODUCT_BUNDLE_IDENTIFIER = ReduxKit.ReduxKitTodoExample;
				PRODUCT_NAME = "$(TARGET_NAME)";
			};
			name = Release;
		};
		7304BF081C2652A700538814 /* Debug */ = {
			isa = XCBuildConfiguration;
			buildSettings = {
				BUNDLE_LOADER = "$(TEST_HOST)";
				FRAMEWORK_SEARCH_PATHS = (
					"$(inherited)",
					"$(PROJECT_DIR)/Carthage/Build/iOS",
				);
				INFOPLIST_FILE = ReduxKitTodoExampleTests/Info.plist;
				LD_RUNPATH_SEARCH_PATHS = "$(inherited) @executable_path/Frameworks @loader_path/Frameworks";
				PRODUCT_BUNDLE_IDENTIFIER = ReduxKit.ReduxKitTodoExampleTests;
				PRODUCT_NAME = "$(TARGET_NAME)";
				TEST_HOST = "$(BUILT_PRODUCTS_DIR)/ReduxKitTodoExample.app/ReduxKitTodoExample";
			};
			name = Debug;
		};
		7304BF091C2652A700538814 /* Release */ = {
			isa = XCBuildConfiguration;
			buildSettings = {
				BUNDLE_LOADER = "$(TEST_HOST)";
				FRAMEWORK_SEARCH_PATHS = (
					"$(inherited)",
					"$(PROJECT_DIR)/Carthage/Build/iOS",
				);
				INFOPLIST_FILE = ReduxKitTodoExampleTests/Info.plist;
				LD_RUNPATH_SEARCH_PATHS = "$(inherited) @executable_path/Frameworks @loader_path/Frameworks";
				PRODUCT_BUNDLE_IDENTIFIER = ReduxKit.ReduxKitTodoExampleTests;
				PRODUCT_NAME = "$(TARGET_NAME)";
				TEST_HOST = "$(BUILT_PRODUCTS_DIR)/ReduxKitTodoExample.app/ReduxKitTodoExample";
			};
			name = Release;
		};
		7304BF0B1C2652A700538814 /* Debug */ = {
			isa = XCBuildConfiguration;
			buildSettings = {
				INFOPLIST_FILE = ReduxKitTodoExampleUITests/Info.plist;
				LD_RUNPATH_SEARCH_PATHS = "$(inherited) @executable_path/Frameworks @loader_path/Frameworks";
				PRODUCT_BUNDLE_IDENTIFIER = ReduxKit.ReduxKitTodoExampleUITests;
				PRODUCT_NAME = "$(TARGET_NAME)";
				TEST_TARGET_NAME = ReduxKitTodoExample;
				USES_XCTRUNNER = YES;
			};
			name = Debug;
		};
		7304BF0C1C2652A700538814 /* Release */ = {
			isa = XCBuildConfiguration;
			buildSettings = {
				INFOPLIST_FILE = ReduxKitTodoExampleUITests/Info.plist;
				LD_RUNPATH_SEARCH_PATHS = "$(inherited) @executable_path/Frameworks @loader_path/Frameworks";
				PRODUCT_BUNDLE_IDENTIFIER = ReduxKit.ReduxKitTodoExampleUITests;
				PRODUCT_NAME = "$(TARGET_NAME)";
				TEST_TARGET_NAME = ReduxKitTodoExample;
				USES_XCTRUNNER = YES;
			};
			name = Release;
		};
/* End XCBuildConfiguration section */

/* Begin XCConfigurationList section */
		7304BED71C2652A700538814 /* Build configuration list for PBXProject "ReduxKitTodoExample" */ = {
			isa = XCConfigurationList;
			buildConfigurations = (
				7304BF021C2652A700538814 /* Debug */,
				7304BF031C2652A700538814 /* Release */,
			);
			defaultConfigurationIsVisible = 0;
			defaultConfigurationName = Release;
		};
		7304BF041C2652A700538814 /* Build configuration list for PBXNativeTarget "ReduxKitTodoExample" */ = {
			isa = XCConfigurationList;
			buildConfigurations = (
				7304BF051C2652A700538814 /* Debug */,
				7304BF061C2652A700538814 /* Release */,
			);
			defaultConfigurationIsVisible = 0;
			defaultConfigurationName = Release;
		};
		7304BF071C2652A700538814 /* Build configuration list for PBXNativeTarget "ReduxKitTodoExampleTests" */ = {
			isa = XCConfigurationList;
			buildConfigurations = (
				7304BF081C2652A700538814 /* Debug */,
				7304BF091C2652A700538814 /* Release */,
			);
			defaultConfigurationIsVisible = 0;
			defaultConfigurationName = Release;
		};
		7304BF0A1C2652A700538814 /* Build configuration list for PBXNativeTarget "ReduxKitTodoExampleUITests" */ = {
			isa = XCConfigurationList;
			buildConfigurations = (
				7304BF0B1C2652A700538814 /* Debug */,
				7304BF0C1C2652A700538814 /* Release */,
			);
			defaultConfigurationIsVisible = 0;
			defaultConfigurationName = Release;
		};
/* End XCConfigurationList section */
	};
	rootObject = 7304BED41C2652A700538814 /* Project object */;
}
